
Microsoft Visual Studio Solution File, Format Version 12.00
# Visual Studio Version 17
VisualStudioVersion = 17.11.35222.181
MinimumVisualStudioVersion = 10.0.40219.1
Project("{FAE04EC0-301F-11D3-BF4B-00C04F79EFBC}") = "ConsoleApp1", "ConsoleApp1\ConsoleApp1.csproj", "{6B3DE643-CFED-4EC6-8A38-A807C765D51D}"
EndProject
Global
	GlobalSection(SolutionConfigurationPlatforms) = preSolution
		Debug|Any CPU = Debug|Any CPU
		Release|Any CPU = Release|Any CPU
	EndGlobalSection
	GlobalSection(ProjectConfigurationPlatforms) = postSolution
		{6B3DE643-CFED-4EC6-8A38-A807C765D51D}.Debug|Any CPU.ActiveCfg = Debug|Any CPU
		{6B3DE643-CFED-4EC6-8A38-A807C765D51D}.Debug|Any CPU.Build.0 = Debug|Any CPU
		{6B3DE643-CFED-4EC6-8A38-A807C765D51D}.Release|Any CPU.ActiveCfg = Release|Any CPU
		{6B3DE643-CFED-4EC6-8A38-A807C765D51D}.Release|Any CPU.Build.0 = Release|Any CPU
	EndGlobalSection
	GlobalSection(SolutionProperties) = preSolution
		HideSolutionNode = FALSE
	EndGlobalSection
	GlobalSection(ExtensibilityGlobals) = postSolution
		SolutionGuid = {08E56FAB-642A-4752-9DF1-108BC04083FE}
	EndGlobalSection
EndGlobal
