
Microsoft Visual Studio Solution File, Format Version 12.00
# Visual Studio Version 17
VisualStudioVersion = 17.11.35222.181
MinimumVisualStudioVersion = 10.0.40219.1
Project("{FAE04EC0-301F-11D3-BF4B-00C04F79EFBC}") = "Laba6", "Laba6\Laba6.csproj", "{EC1DE639-911E-4096-A4B1-0313E07BF5DB}"
EndProject
Global
	GlobalSection(SolutionConfigurationPlatforms) = preSolution
		Debug|Any CPU = Debug|Any CPU
		Release|Any CPU = Release|Any CPU
	EndGlobalSection
	GlobalSection(ProjectConfigurationPlatforms) = postSolution
		{EC1DE639-911E-4096-A4B1-0313E07BF5DB}.Debug|Any CPU.ActiveCfg = Debug|Any CPU
		{EC1DE639-911E-4096-A4B1-0313E07BF5DB}.Debug|Any CPU.Build.0 = Debug|Any CPU
		{EC1DE639-911E-4096-A4B1-0313E07BF5DB}.Release|Any CPU.ActiveCfg = Release|Any CPU
		{EC1DE639-911E-4096-A4B1-0313E07BF5DB}.Release|Any CPU.Build.0 = Release|Any CPU
	EndGlobalSection
	GlobalSection(SolutionProperties) = preSolution
		HideSolutionNode = FALSE
	EndGlobalSection
	GlobalSection(ExtensibilityGlobals) = postSolution
		SolutionGuid = {EB3273DA-BA76-417E-B341-85C136CEC9C2}
	EndGlobalSection
EndGlobal
